<Solution>
  <Folder Name="/Solution Items/">
    <File Path="README.md" />
  </Folder>
  <Project Path="Maui/Maui.csproj">
    <Deploy />
  </Project>
  <Project Path="MSTest.Appium.Starter/ZPF.UITest.csproj" Id="dff45ce3-1276-4d58-a8f7-5c90c1ecfc28" />
  <Project Path="MSTest_Appium/MSTest_Appium.csproj" />
</Solution>
